
Microsoft Visual Studio Solution File, Format Version 12.00
# Visual Studio 15
VisualStudioVersion = 15.0.27428.2027
MinimumVisualStudioVersion = 10.0.40219.1
Project("{2150E333-8FDC-42A3-9474-1A3956D46DE8}") = "Common", "Common", "{73F84522-C6BC-42DC-91AF-C4EF7774729B}"
EndProject
Project("{2150E333-8FDC-42A3-9474-1A3956D46DE8}") = "Devices", "Devices", "{C2ED612D-E3BA-4297-9355-08C697AF3CC7}"
EndProject
Project("{2150E333-8FDC-42A3-9474-1A3956D46DE8}") = "Apps", "Apps", "{71EEA8A9-756C-49B4-85A0-C9FE9FBBDB61}"
EndProject
Project("{9A19103F-16F7-4668-BE54-9A1E7A4F7556}") = "azIoT.Apps.Common", "Apps\azIoT.Standard.Apps.Common\azIoT.Apps.Common.csproj", "{557F44FA-5978-423E-89AE-0614BECB5156}"
EndProject
Project("{9A19103F-16F7-4668-BE54-9A1E7A4F7556}") = "azIoT.Apps.ConsoleApp", "Apps\azIoT.Core.Apps.ConsoleApp\azIoT.Apps.ConsoleApp.csproj", "{72A78E41-18EB-4345-AEA2-24E8C28FFF5C}"
EndProject
Project("{9A19103F-16F7-4668-BE54-9A1E7A4F7556}") = "azIoT.Common", "Common\azIoT.Standard.Common\azIoT.Common.csproj", "{F8964CF0-2D6F-4B1F-9BA0-F1FED6A0FD8A}"
EndProject
Project("{9A19103F-16F7-4668-BE54-9A1E7A4F7556}") = "azIoT.Devices.Common", "Devices\azIoT.Standard.Device.Common\azIoT.Devices.Common.csproj", "{AFC92A0A-0EDA-40EB-BF27-3BFECB2FA66C}"
EndProject
Project("{9A19103F-16F7-4668-BE54-9A1E7A4F7556}") = "azIoT.Devices.WindowsWorkstation", "Devices\azIoT.Core.Device.WindowsWorkstation\azIoT.Devices.WindowsWorkstation.csproj", "{C7E60DC5-5AE8-43F4-89CB-FB5AD5008FF0}"
EndProject
Project("{9A19103F-16F7-4668-BE54-9A1E7A4F7556}") = "azIoT.Apps.WebAPIs", "azIoT.Apps.WebAPIs\azIoT.Apps.WebAPIs.csproj", "{BA4C4CFE-3333-4873-8FA5-ADCB3E677CD2}"
EndProject
Global
	GlobalSection(SolutionConfigurationPlatforms) = preSolution
		Ad-Hoc|Any CPU = Ad-Hoc|Any CPU
		Ad-Hoc|ARM = Ad-Hoc|ARM
		Ad-Hoc|iPhone = Ad-Hoc|iPhone
		Ad-Hoc|iPhoneSimulator = Ad-Hoc|iPhoneSimulator
		Ad-Hoc|x64 = Ad-Hoc|x64
		Ad-Hoc|x86 = Ad-Hoc|x86
		AppStore|Any CPU = AppStore|Any CPU
		AppStore|ARM = AppStore|ARM
		AppStore|iPhone = AppStore|iPhone
		AppStore|iPhoneSimulator = AppStore|iPhoneSimulator
		AppStore|x64 = AppStore|x64
		AppStore|x86 = AppStore|x86
		Debug|Any CPU = Debug|Any CPU
		Debug|ARM = Debug|ARM
		Debug|iPhone = Debug|iPhone
		Debug|iPhoneSimulator = Debug|iPhoneSimulator
		Debug|x64 = Debug|x64
		Debug|x86 = Debug|x86
		Release|Any CPU = Release|Any CPU
		Release|ARM = Release|ARM
		Release|iPhone = Release|iPhone
		Release|iPhoneSimulator = Release|iPhoneSimulator
		Release|x64 = Release|x64
		Release|x86 = Release|x86
	EndGlobalSection
	GlobalSection(ProjectConfigurationPlatforms) = postSolution
		{557F44FA-5978-423E-89AE-0614BECB5156}.Ad-Hoc|Any CPU.ActiveCfg = Debug|Any CPU
		{557F44FA-5978-423E-89AE-0614BECB5156}.Ad-Hoc|Any CPU.Build.0 = Debug|Any CPU
		{557F44FA-5978-423E-89AE-0614BECB5156}.Ad-Hoc|ARM.ActiveCfg = Debug|Any CPU
		{557F44FA-5978-423E-89AE-0614BECB5156}.Ad-Hoc|ARM.Build.0 = Debug|Any CPU
		{557F44FA-5978-423E-89AE-0614BECB5156}.Ad-Hoc|iPhone.ActiveCfg = Debug|Any CPU
		{557F44FA-5978-423E-89AE-0614BECB5156}.Ad-Hoc|iPhone.Build.0 = Debug|Any CPU
		{557F44FA-5978-423E-89AE-0614BECB5156}.Ad-Hoc|iPhoneSimulator.ActiveCfg = Debug|Any CPU
		{557F44FA-5978-423E-89AE-0614BECB5156}.Ad-Hoc|iPhoneSimulator.Build.0 = Debug|Any CPU
		{557F44FA-5978-423E-89AE-0614BECB5156}.Ad-Hoc|x64.ActiveCfg = Debug|Any CPU
		{557F44FA-5978-423E-89AE-0614BECB5156}.Ad-Hoc|x64.Build.0 = Debug|Any CPU
		{557F44FA-5978-423E-89AE-0614BECB5156}.Ad-Hoc|x86.ActiveCfg = Debug|Any CPU
		{557F44FA-5978-423E-89AE-0614BECB5156}.Ad-Hoc|x86.Build.0 = Debug|Any CPU
		{557F44FA-5978-423E-89AE-0614BECB5156}.AppStore|Any CPU.ActiveCfg = Debug|Any CPU
		{557F44FA-5978-423E-89AE-0614BECB5156}.AppStore|Any CPU.Build.0 = Debug|Any CPU
		{557F44FA-5978-423E-89AE-0614BECB5156}.AppStore|ARM.ActiveCfg = Debug|Any CPU
		{557F44FA-5978-423E-89AE-0614BECB5156}.AppStore|ARM.Build.0 = Debug|Any CPU
		{557F44FA-5978-423E-89AE-0614BECB5156}.AppStore|iPhone.ActiveCfg = Debug|Any CPU
		{557F44FA-5978-423E-89AE-0614BECB5156}.AppStore|iPhone.Build.0 = Debug|Any CPU
		{557F44FA-5978-423E-89AE-0614BECB5156}.AppStore|iPhoneSimulator.ActiveCfg = Debug|Any CPU
		{557F44FA-5978-423E-89AE-0614BECB5156}.AppStore|iPhoneSimulator.Build.0 = Debug|Any CPU
		{557F44FA-5978-423E-89AE-0614BECB5156}.AppStore|x64.ActiveCfg = Debug|Any CPU
		{557F44FA-5978-423E-89AE-0614BECB5156}.AppStore|x64.Build.0 = Debug|Any CPU
		{557F44FA-5978-423E-89AE-0614BECB5156}.AppStore|x86.ActiveCfg = Debug|Any CPU
		{557F44FA-5978-423E-89AE-0614BECB5156}.AppStore|x86.Build.0 = Debug|Any CPU
		{557F44FA-5978-423E-89AE-0614BECB5156}.Debug|Any CPU.ActiveCfg = Debug|Any CPU
		{557F44FA-5978-423E-89AE-0614BECB5156}.Debug|Any CPU.Build.0 = Debug|Any CPU
		{557F44FA-5978-423E-89AE-0614BECB5156}.Debug|ARM.ActiveCfg = Debug|Any CPU
		{557F44FA-5978-423E-89AE-0614BECB5156}.Debug|ARM.Build.0 = Debug|Any CPU
		{557F44FA-5978-423E-89AE-0614BECB5156}.Debug|iPhone.ActiveCfg = Debug|Any CPU
		{557F44FA-5978-423E-89AE-0614BECB5156}.Debug|iPhone.Build.0 = Debug|Any CPU
		{557F44FA-5978-423E-89AE-0614BECB5156}.Debug|iPhoneSimulator.ActiveCfg = Debug|Any CPU
		{557F44FA-5978-423E-89AE-0614BECB5156}.Debug|iPhoneSimulator.Build.0 = Debug|Any CPU
		{557F44FA-5978-423E-89AE-0614BECB5156}.Debug|x64.ActiveCfg = Debug|Any CPU
		{557F44FA-5978-423E-89AE-0614BECB5156}.Debug|x64.Build.0 = Debug|Any CPU
		{557F44FA-5978-423E-89AE-0614BECB5156}.Debug|x86.ActiveCfg = Debug|Any CPU
		{557F44FA-5978-423E-89AE-0614BECB5156}.Debug|x86.Build.0 = Debug|Any CPU
		{557F44FA-5978-423E-89AE-0614BECB5156}.Release|Any CPU.ActiveCfg = Release|Any CPU
		{557F44FA-5978-423E-89AE-0614BECB5156}.Release|Any CPU.Build.0 = Release|Any CPU
		{557F44FA-5978-423E-89AE-0614BECB5156}.Release|ARM.ActiveCfg = Release|Any CPU
		{557F44FA-5978-423E-89AE-0614BECB5156}.Release|ARM.Build.0 = Release|Any CPU
		{557F44FA-5978-423E-89AE-0614BECB5156}.Release|iPhone.ActiveCfg = Release|Any CPU
		{557F44FA-5978-423E-89AE-0614BECB5156}.Release|iPhone.Build.0 = Release|Any CPU
		{557F44FA-5978-423E-89AE-0614BECB5156}.Release|iPhoneSimulator.ActiveCfg = Release|Any CPU
		{557F44FA-5978-423E-89AE-0614BECB5156}.Release|iPhoneSimulator.Build.0 = Release|Any CPU
		{557F44FA-5978-423E-89AE-0614BECB5156}.Release|x64.ActiveCfg = Release|Any CPU
		{557F44FA-5978-423E-89AE-0614BECB5156}.Release|x64.Build.0 = Release|Any CPU
		{557F44FA-5978-423E-89AE-0614BECB5156}.Release|x86.ActiveCfg = Release|Any CPU
		{557F44FA-5978-423E-89AE-0614BECB5156}.Release|x86.Build.0 = Release|Any CPU
		{72A78E41-18EB-4345-AEA2-24E8C28FFF5C}.Ad-Hoc|Any CPU.ActiveCfg = Debug|Any CPU
		{72A78E41-18EB-4345-AEA2-24E8C28FFF5C}.Ad-Hoc|Any CPU.Build.0 = Debug|Any CPU
		{72A78E41-18EB-4345-AEA2-24E8C28FFF5C}.Ad-Hoc|ARM.ActiveCfg = Debug|Any CPU
		{72A78E41-18EB-4345-AEA2-24E8C28FFF5C}.Ad-Hoc|ARM.Build.0 = Debug|Any CPU
		{72A78E41-18EB-4345-AEA2-24E8C28FFF5C}.Ad-Hoc|iPhone.ActiveCfg = Debug|Any CPU
		{72A78E41-18EB-4345-AEA2-24E8C28FFF5C}.Ad-Hoc|iPhone.Build.0 = Debug|Any CPU
		{72A78E41-18EB-4345-AEA2-24E8C28FFF5C}.Ad-Hoc|iPhoneSimulator.ActiveCfg = Debug|Any CPU
		{72A78E41-18EB-4345-AEA2-24E8C28FFF5C}.Ad-Hoc|iPhoneSimulator.Build.0 = Debug|Any CPU
		{72A78E41-18EB-4345-AEA2-24E8C28FFF5C}.Ad-Hoc|x64.ActiveCfg = Debug|Any CPU
		{72A78E41-18EB-4345-AEA2-24E8C28FFF5C}.Ad-Hoc|x64.Build.0 = Debug|Any CPU
		{72A78E41-18EB-4345-AEA2-24E8C28FFF5C}.Ad-Hoc|x86.ActiveCfg = Debug|Any CPU
		{72A78E41-18EB-4345-AEA2-24E8C28FFF5C}.Ad-Hoc|x86.Build.0 = Debug|Any CPU
		{72A78E41-18EB-4345-AEA2-24E8C28FFF5C}.AppStore|Any CPU.ActiveCfg = Debug|Any CPU
		{72A78E41-18EB-4345-AEA2-24E8C28FFF5C}.AppStore|Any CPU.Build.0 = Debug|Any CPU
		{72A78E41-18EB-4345-AEA2-24E8C28FFF5C}.AppStore|ARM.ActiveCfg = Debug|Any CPU
		{72A78E41-18EB-4345-AEA2-24E8C28FFF5C}.AppStore|ARM.Build.0 = Debug|Any CPU
		{72A78E41-18EB-4345-AEA2-24E8C28FFF5C}.AppStore|iPhone.ActiveCfg = Debug|Any CPU
		{72A78E41-18EB-4345-AEA2-24E8C28FFF5C}.AppStore|iPhone.Build.0 = Debug|Any CPU
		{72A78E41-18EB-4345-AEA2-24E8C28FFF5C}.AppStore|iPhoneSimulator.ActiveCfg = Debug|Any CPU
		{72A78E41-18EB-4345-AEA2-24E8C28FFF5C}.AppStore|iPhoneSimulator.Build.0 = Debug|Any CPU
		{72A78E41-18EB-4345-AEA2-24E8C28FFF5C}.AppStore|x64.ActiveCfg = Debug|Any CPU
		{72A78E41-18EB-4345-AEA2-24E8C28FFF5C}.AppStore|x64.Build.0 = Debug|Any CPU
		{72A78E41-18EB-4345-AEA2-24E8C28FFF5C}.AppStore|x86.ActiveCfg = Debug|Any CPU
		{72A78E41-18EB-4345-AEA2-24E8C28FFF5C}.AppStore|x86.Build.0 = Debug|Any CPU
		{72A78E41-18EB-4345-AEA2-24E8C28FFF5C}.Debug|Any CPU.ActiveCfg = Debug|Any CPU
		{72A78E41-18EB-4345-AEA2-24E8C28FFF5C}.Debug|Any CPU.Build.0 = Debug|Any CPU
		{72A78E41-18EB-4345-AEA2-24E8C28FFF5C}.Debug|ARM.ActiveCfg = Debug|Any CPU
		{72A78E41-18EB-4345-AEA2-24E8C28FFF5C}.Debug|ARM.Build.0 = Debug|Any CPU
		{72A78E41-18EB-4345-AEA2-24E8C28FFF5C}.Debug|iPhone.ActiveCfg = Debug|Any CPU
		{72A78E41-18EB-4345-AEA2-24E8C28FFF5C}.Debug|iPhone.Build.0 = Debug|Any CPU
		{72A78E41-18EB-4345-AEA2-24E8C28FFF5C}.Debug|iPhoneSimulator.ActiveCfg = Debug|Any CPU
		{72A78E41-18EB-4345-AEA2-24E8C28FFF5C}.Debug|iPhoneSimulator.Build.0 = Debug|Any CPU
		{72A78E41-18EB-4345-AEA2-24E8C28FFF5C}.Debug|x64.ActiveCfg = Debug|Any CPU
		{72A78E41-18EB-4345-AEA2-24E8C28FFF5C}.Debug|x64.Build.0 = Debug|Any CPU
		{72A78E41-18EB-4345-AEA2-24E8C28FFF5C}.Debug|x86.ActiveCfg = Debug|Any CPU
		{72A78E41-18EB-4345-AEA2-24E8C28FFF5C}.Debug|x86.Build.0 = Debug|Any CPU
		{72A78E41-18EB-4345-AEA2-24E8C28FFF5C}.Release|Any CPU.ActiveCfg = Release|Any CPU
		{72A78E41-18EB-4345-AEA2-24E8C28FFF5C}.Release|Any CPU.Build.0 = Release|Any CPU
		{72A78E41-18EB-4345-AEA2-24E8C28FFF5C}.Release|ARM.ActiveCfg = Release|Any CPU
		{72A78E41-18EB-4345-AEA2-24E8C28FFF5C}.Release|ARM.Build.0 = Release|Any CPU
		{72A78E41-18EB-4345-AEA2-24E8C28FFF5C}.Release|iPhone.ActiveCfg = Release|Any CPU
		{72A78E41-18EB-4345-AEA2-24E8C28FFF5C}.Release|iPhone.Build.0 = Release|Any CPU
		{72A78E41-18EB-4345-AEA2-24E8C28FFF5C}.Release|iPhoneSimulator.ActiveCfg = Release|Any CPU
		{72A78E41-18EB-4345-AEA2-24E8C28FFF5C}.Release|iPhoneSimulator.Build.0 = Release|Any CPU
		{72A78E41-18EB-4345-AEA2-24E8C28FFF5C}.Release|x64.ActiveCfg = Release|Any CPU
		{72A78E41-18EB-4345-AEA2-24E8C28FFF5C}.Release|x64.Build.0 = Release|Any CPU
		{72A78E41-18EB-4345-AEA2-24E8C28FFF5C}.Release|x86.ActiveCfg = Release|Any CPU
		{72A78E41-18EB-4345-AEA2-24E8C28FFF5C}.Release|x86.Build.0 = Release|Any CPU
		{F8964CF0-2D6F-4B1F-9BA0-F1FED6A0FD8A}.Ad-Hoc|Any CPU.ActiveCfg = Debug|Any CPU
		{F8964CF0-2D6F-4B1F-9BA0-F1FED6A0FD8A}.Ad-Hoc|Any CPU.Build.0 = Debug|Any CPU
		{F8964CF0-2D6F-4B1F-9BA0-F1FED6A0FD8A}.Ad-Hoc|ARM.ActiveCfg = Debug|Any CPU
		{F8964CF0-2D6F-4B1F-9BA0-F1FED6A0FD8A}.Ad-Hoc|ARM.Build.0 = Debug|Any CPU
		{F8964CF0-2D6F-4B1F-9BA0-F1FED6A0FD8A}.Ad-Hoc|iPhone.ActiveCfg = Debug|Any CPU
		{F8964CF0-2D6F-4B1F-9BA0-F1FED6A0FD8A}.Ad-Hoc|iPhone.Build.0 = Debug|Any CPU
		{F8964CF0-2D6F-4B1F-9BA0-F1FED6A0FD8A}.Ad-Hoc|iPhoneSimulator.ActiveCfg = Debug|Any CPU
		{F8964CF0-2D6F-4B1F-9BA0-F1FED6A0FD8A}.Ad-Hoc|iPhoneSimulator.Build.0 = Debug|Any CPU
		{F8964CF0-2D6F-4B1F-9BA0-F1FED6A0FD8A}.Ad-Hoc|x64.ActiveCfg = Debug|Any CPU
		{F8964CF0-2D6F-4B1F-9BA0-F1FED6A0FD8A}.Ad-Hoc|x64.Build.0 = Debug|Any CPU
		{F8964CF0-2D6F-4B1F-9BA0-F1FED6A0FD8A}.Ad-Hoc|x86.ActiveCfg = Debug|Any CPU
		{F8964CF0-2D6F-4B1F-9BA0-F1FED6A0FD8A}.Ad-Hoc|x86.Build.0 = Debug|Any CPU
		{F8964CF0-2D6F-4B1F-9BA0-F1FED6A0FD8A}.AppStore|Any CPU.ActiveCfg = Debug|Any CPU
		{F8964CF0-2D6F-4B1F-9BA0-F1FED6A0FD8A}.AppStore|Any CPU.Build.0 = Debug|Any CPU
		{F8964CF0-2D6F-4B1F-9BA0-F1FED6A0FD8A}.AppStore|ARM.ActiveCfg = Debug|Any CPU
		{F8964CF0-2D6F-4B1F-9BA0-F1FED6A0FD8A}.AppStore|ARM.Build.0 = Debug|Any CPU
		{F8964CF0-2D6F-4B1F-9BA0-F1FED6A0FD8A}.AppStore|iPhone.ActiveCfg = Debug|Any CPU
		{F8964CF0-2D6F-4B1F-9BA0-F1FED6A0FD8A}.AppStore|iPhone.Build.0 = Debug|Any CPU
		{F8964CF0-2D6F-4B1F-9BA0-F1FED6A0FD8A}.AppStore|iPhoneSimulator.ActiveCfg = Debug|Any CPU
		{F8964CF0-2D6F-4B1F-9BA0-F1FED6A0FD8A}.AppStore|iPhoneSimulator.Build.0 = Debug|Any CPU
		{F8964CF0-2D6F-4B1F-9BA0-F1FED6A0FD8A}.AppStore|x64.ActiveCfg = Debug|Any CPU
		{F8964CF0-2D6F-4B1F-9BA0-F1FED6A0FD8A}.AppStore|x64.Build.0 = Debug|Any CPU
		{F8964CF0-2D6F-4B1F-9BA0-F1FED6A0FD8A}.AppStore|x86.ActiveCfg = Debug|Any CPU
		{F8964CF0-2D6F-4B1F-9BA0-F1FED6A0FD8A}.AppStore|x86.Build.0 = Debug|Any CPU
		{F8964CF0-2D6F-4B1F-9BA0-F1FED6A0FD8A}.Debug|Any CPU.ActiveCfg = Debug|Any CPU
		{F8964CF0-2D6F-4B1F-9BA0-F1FED6A0FD8A}.Debug|Any CPU.Build.0 = Debug|Any CPU
		{F8964CF0-2D6F-4B1F-9BA0-F1FED6A0FD8A}.Debug|ARM.ActiveCfg = Debug|Any CPU
		{F8964CF0-2D6F-4B1F-9BA0-F1FED6A0FD8A}.Debug|ARM.Build.0 = Debug|Any CPU
		{F8964CF0-2D6F-4B1F-9BA0-F1FED6A0FD8A}.Debug|iPhone.ActiveCfg = Debug|Any CPU
		{F8964CF0-2D6F-4B1F-9BA0-F1FED6A0FD8A}.Debug|iPhone.Build.0 = Debug|Any CPU
		{F8964CF0-2D6F-4B1F-9BA0-F1FED6A0FD8A}.Debug|iPhoneSimulator.ActiveCfg = Debug|Any CPU
		{F8964CF0-2D6F-4B1F-9BA0-F1FED6A0FD8A}.Debug|iPhoneSimulator.Build.0 = Debug|Any CPU
		{F8964CF0-2D6F-4B1F-9BA0-F1FED6A0FD8A}.Debug|x64.ActiveCfg = Debug|Any CPU
		{F8964CF0-2D6F-4B1F-9BA0-F1FED6A0FD8A}.Debug|x64.Build.0 = Debug|Any CPU
		{F8964CF0-2D6F-4B1F-9BA0-F1FED6A0FD8A}.Debug|x86.ActiveCfg = Debug|Any CPU
		{F8964CF0-2D6F-4B1F-9BA0-F1FED6A0FD8A}.Debug|x86.Build.0 = Debug|Any CPU
		{F8964CF0-2D6F-4B1F-9BA0-F1FED6A0FD8A}.Release|Any CPU.ActiveCfg = Release|Any CPU
		{F8964CF0-2D6F-4B1F-9BA0-F1FED6A0FD8A}.Release|Any CPU.Build.0 = Release|Any CPU
		{F8964CF0-2D6F-4B1F-9BA0-F1FED6A0FD8A}.Release|ARM.ActiveCfg = Release|Any CPU
		{F8964CF0-2D6F-4B1F-9BA0-F1FED6A0FD8A}.Release|ARM.Build.0 = Release|Any CPU
		{F8964CF0-2D6F-4B1F-9BA0-F1FED6A0FD8A}.Release|iPhone.ActiveCfg = Release|Any CPU
		{F8964CF0-2D6F-4B1F-9BA0-F1FED6A0FD8A}.Release|iPhone.Build.0 = Release|Any CPU
		{F8964CF0-2D6F-4B1F-9BA0-F1FED6A0FD8A}.Release|iPhoneSimulator.ActiveCfg = Release|Any CPU
		{F8964CF0-2D6F-4B1F-9BA0-F1FED6A0FD8A}.Release|iPhoneSimulator.Build.0 = Release|Any CPU
		{F8964CF0-2D6F-4B1F-9BA0-F1FED6A0FD8A}.Release|x64.ActiveCfg = Release|Any CPU
		{F8964CF0-2D6F-4B1F-9BA0-F1FED6A0FD8A}.Release|x64.Build.0 = Release|Any CPU
		{F8964CF0-2D6F-4B1F-9BA0-F1FED6A0FD8A}.Release|x86.ActiveCfg = Release|Any CPU
		{F8964CF0-2D6F-4B1F-9BA0-F1FED6A0FD8A}.Release|x86.Build.0 = Release|Any CPU
		{AFC92A0A-0EDA-40EB-BF27-3BFECB2FA66C}.Ad-Hoc|Any CPU.ActiveCfg = Debug|Any CPU
		{AFC92A0A-0EDA-40EB-BF27-3BFECB2FA66C}.Ad-Hoc|Any CPU.Build.0 = Debug|Any CPU
		{AFC92A0A-0EDA-40EB-BF27-3BFECB2FA66C}.Ad-Hoc|ARM.ActiveCfg = Debug|Any CPU
		{AFC92A0A-0EDA-40EB-BF27-3BFECB2FA66C}.Ad-Hoc|ARM.Build.0 = Debug|Any CPU
		{AFC92A0A-0EDA-40EB-BF27-3BFECB2FA66C}.Ad-Hoc|iPhone.ActiveCfg = Debug|Any CPU
		{AFC92A0A-0EDA-40EB-BF27-3BFECB2FA66C}.Ad-Hoc|iPhone.Build.0 = Debug|Any CPU
		{AFC92A0A-0EDA-40EB-BF27-3BFECB2FA66C}.Ad-Hoc|iPhoneSimulator.ActiveCfg = Debug|Any CPU
		{AFC92A0A-0EDA-40EB-BF27-3BFECB2FA66C}.Ad-Hoc|iPhoneSimulator.Build.0 = Debug|Any CPU
		{AFC92A0A-0EDA-40EB-BF27-3BFECB2FA66C}.Ad-Hoc|x64.ActiveCfg = Debug|Any CPU
		{AFC92A0A-0EDA-40EB-BF27-3BFECB2FA66C}.Ad-Hoc|x64.Build.0 = Debug|Any CPU
		{AFC92A0A-0EDA-40EB-BF27-3BFECB2FA66C}.Ad-Hoc|x86.ActiveCfg = Debug|Any CPU
		{AFC92A0A-0EDA-40EB-BF27-3BFECB2FA66C}.Ad-Hoc|x86.Build.0 = Debug|Any CPU
		{AFC92A0A-0EDA-40EB-BF27-3BFECB2FA66C}.AppStore|Any CPU.ActiveCfg = Debug|Any CPU
		{AFC92A0A-0EDA-40EB-BF27-3BFECB2FA66C}.AppStore|Any CPU.Build.0 = Debug|Any CPU
		{AFC92A0A-0EDA-40EB-BF27-3BFECB2FA66C}.AppStore|ARM.ActiveCfg = Debug|Any CPU
		{AFC92A0A-0EDA-40EB-BF27-3BFECB2FA66C}.AppStore|ARM.Build.0 = Debug|Any CPU
		{AFC92A0A-0EDA-40EB-BF27-3BFECB2FA66C}.AppStore|iPhone.ActiveCfg = Debug|Any CPU
		{AFC92A0A-0EDA-40EB-BF27-3BFECB2FA66C}.AppStore|iPhone.Build.0 = Debug|Any CPU
		{AFC92A0A-0EDA-40EB-BF27-3BFECB2FA66C}.AppStore|iPhoneSimulator.ActiveCfg = Debug|Any CPU
		{AFC92A0A-0EDA-40EB-BF27-3BFECB2FA66C}.AppStore|iPhoneSimulator.Build.0 = Debug|Any CPU
		{AFC92A0A-0EDA-40EB-BF27-3BFECB2FA66C}.AppStore|x64.ActiveCfg = Debug|Any CPU
		{AFC92A0A-0EDA-40EB-BF27-3BFECB2FA66C}.AppStore|x64.Build.0 = Debug|Any CPU
		{AFC92A0A-0EDA-40EB-BF27-3BFECB2FA66C}.AppStore|x86.ActiveCfg = Debug|Any CPU
		{AFC92A0A-0EDA-40EB-BF27-3BFECB2FA66C}.AppStore|x86.Build.0 = Debug|Any CPU
		{AFC92A0A-0EDA-40EB-BF27-3BFECB2FA66C}.Debug|Any CPU.ActiveCfg = Debug|Any CPU
		{AFC92A0A-0EDA-40EB-BF27-3BFECB2FA66C}.Debug|Any CPU.Build.0 = Debug|Any CPU
		{AFC92A0A-0EDA-40EB-BF27-3BFECB2FA66C}.Debug|ARM.ActiveCfg = Debug|Any CPU
		{AFC92A0A-0EDA-40EB-BF27-3BFECB2FA66C}.Debug|ARM.Build.0 = Debug|Any CPU
		{AFC92A0A-0EDA-40EB-BF27-3BFECB2FA66C}.Debug|iPhone.ActiveCfg = Debug|Any CPU
		{AFC92A0A-0EDA-40EB-BF27-3BFECB2FA66C}.Debug|iPhone.Build.0 = Debug|Any CPU
		{AFC92A0A-0EDA-40EB-BF27-3BFECB2FA66C}.Debug|iPhoneSimulator.ActiveCfg = Debug|Any CPU
		{AFC92A0A-0EDA-40EB-BF27-3BFECB2FA66C}.Debug|iPhoneSimulator.Build.0 = Debug|Any CPU
		{AFC92A0A-0EDA-40EB-BF27-3BFECB2FA66C}.Debug|x64.ActiveCfg = Debug|Any CPU
		{AFC92A0A-0EDA-40EB-BF27-3BFECB2FA66C}.Debug|x64.Build.0 = Debug|Any CPU
		{AFC92A0A-0EDA-40EB-BF27-3BFECB2FA66C}.Debug|x86.ActiveCfg = Debug|Any CPU
		{AFC92A0A-0EDA-40EB-BF27-3BFECB2FA66C}.Debug|x86.Build.0 = Debug|Any CPU
		{AFC92A0A-0EDA-40EB-BF27-3BFECB2FA66C}.Release|Any CPU.ActiveCfg = Release|Any CPU
		{AFC92A0A-0EDA-40EB-BF27-3BFECB2FA66C}.Release|Any CPU.Build.0 = Release|Any CPU
		{AFC92A0A-0EDA-40EB-BF27-3BFECB2FA66C}.Release|ARM.ActiveCfg = Release|Any CPU
		{AFC92A0A-0EDA-40EB-BF27-3BFECB2FA66C}.Release|ARM.Build.0 = Release|Any CPU
		{AFC92A0A-0EDA-40EB-BF27-3BFECB2FA66C}.Release|iPhone.ActiveCfg = Release|Any CPU
		{AFC92A0A-0EDA-40EB-BF27-3BFECB2FA66C}.Release|iPhone.Build.0 = Release|Any CPU
		{AFC92A0A-0EDA-40EB-BF27-3BFECB2FA66C}.Release|iPhoneSimulator.ActiveCfg = Release|Any CPU
		{AFC92A0A-0EDA-40EB-BF27-3BFECB2FA66C}.Release|iPhoneSimulator.Build.0 = Release|Any CPU
		{AFC92A0A-0EDA-40EB-BF27-3BFECB2FA66C}.Release|x64.ActiveCfg = Release|Any CPU
		{AFC92A0A-0EDA-40EB-BF27-3BFECB2FA66C}.Release|x64.Build.0 = Release|Any CPU
		{AFC92A0A-0EDA-40EB-BF27-3BFECB2FA66C}.Release|x86.ActiveCfg = Release|Any CPU
		{AFC92A0A-0EDA-40EB-BF27-3BFECB2FA66C}.Release|x86.Build.0 = Release|Any CPU
		{C7E60DC5-5AE8-43F4-89CB-FB5AD5008FF0}.Ad-Hoc|Any CPU.ActiveCfg = Debug|Any CPU
		{C7E60DC5-5AE8-43F4-89CB-FB5AD5008FF0}.Ad-Hoc|Any CPU.Build.0 = Debug|Any CPU
		{C7E60DC5-5AE8-43F4-89CB-FB5AD5008FF0}.Ad-Hoc|ARM.ActiveCfg = Debug|Any CPU
		{C7E60DC5-5AE8-43F4-89CB-FB5AD5008FF0}.Ad-Hoc|ARM.Build.0 = Debug|Any CPU
		{C7E60DC5-5AE8-43F4-89CB-FB5AD5008FF0}.Ad-Hoc|iPhone.ActiveCfg = Debug|Any CPU
		{C7E60DC5-5AE8-43F4-89CB-FB5AD5008FF0}.Ad-Hoc|iPhone.Build.0 = Debug|Any CPU
		{C7E60DC5-5AE8-43F4-89CB-FB5AD5008FF0}.Ad-Hoc|iPhoneSimulator.ActiveCfg = Debug|Any CPU
		{C7E60DC5-5AE8-43F4-89CB-FB5AD5008FF0}.Ad-Hoc|iPhoneSimulator.Build.0 = Debug|Any CPU
		{C7E60DC5-5AE8-43F4-89CB-FB5AD5008FF0}.Ad-Hoc|x64.ActiveCfg = Debug|Any CPU
		{C7E60DC5-5AE8-43F4-89CB-FB5AD5008FF0}.Ad-Hoc|x64.Build.0 = Debug|Any CPU
		{C7E60DC5-5AE8-43F4-89CB-FB5AD5008FF0}.Ad-Hoc|x86.ActiveCfg = Debug|Any CPU
		{C7E60DC5-5AE8-43F4-89CB-FB5AD5008FF0}.Ad-Hoc|x86.Build.0 = Debug|Any CPU
		{C7E60DC5-5AE8-43F4-89CB-FB5AD5008FF0}.AppStore|Any CPU.ActiveCfg = Debug|Any CPU
		{C7E60DC5-5AE8-43F4-89CB-FB5AD5008FF0}.AppStore|Any CPU.Build.0 = Debug|Any CPU
		{C7E60DC5-5AE8-43F4-89CB-FB5AD5008FF0}.AppStore|ARM.ActiveCfg = Debug|Any CPU
		{C7E60DC5-5AE8-43F4-89CB-FB5AD5008FF0}.AppStore|ARM.Build.0 = Debug|Any CPU
		{C7E60DC5-5AE8-43F4-89CB-FB5AD5008FF0}.AppStore|iPhone.ActiveCfg = Debug|Any CPU
		{C7E60DC5-5AE8-43F4-89CB-FB5AD5008FF0}.AppStore|iPhone.Build.0 = Debug|Any CPU
		{C7E60DC5-5AE8-43F4-89CB-FB5AD5008FF0}.AppStore|iPhoneSimulator.ActiveCfg = Debug|Any CPU
		{C7E60DC5-5AE8-43F4-89CB-FB5AD5008FF0}.AppStore|iPhoneSimulator.Build.0 = Debug|Any CPU
		{C7E60DC5-5AE8-43F4-89CB-FB5AD5008FF0}.AppStore|x64.ActiveCfg = Debug|Any CPU
		{C7E60DC5-5AE8-43F4-89CB-FB5AD5008FF0}.AppStore|x64.Build.0 = Debug|Any CPU
		{C7E60DC5-5AE8-43F4-89CB-FB5AD5008FF0}.AppStore|x86.ActiveCfg = Debug|Any CPU
		{C7E60DC5-5AE8-43F4-89CB-FB5AD5008FF0}.AppStore|x86.Build.0 = Debug|Any CPU
		{C7E60DC5-5AE8-43F4-89CB-FB5AD5008FF0}.Debug|Any CPU.ActiveCfg = Debug|Any CPU
		{C7E60DC5-5AE8-43F4-89CB-FB5AD5008FF0}.Debug|Any CPU.Build.0 = Debug|Any CPU
		{C7E60DC5-5AE8-43F4-89CB-FB5AD5008FF0}.Debug|ARM.ActiveCfg = Debug|Any CPU
		{C7E60DC5-5AE8-43F4-89CB-FB5AD5008FF0}.Debug|ARM.Build.0 = Debug|Any CPU
		{C7E60DC5-5AE8-43F4-89CB-FB5AD5008FF0}.Debug|iPhone.ActiveCfg = Debug|Any CPU
		{C7E60DC5-5AE8-43F4-89CB-FB5AD5008FF0}.Debug|iPhone.Build.0 = Debug|Any CPU
		{C7E60DC5-5AE8-43F4-89CB-FB5AD5008FF0}.Debug|iPhoneSimulator.ActiveCfg = Debug|Any CPU
		{C7E60DC5-5AE8-43F4-89CB-FB5AD5008FF0}.Debug|iPhoneSimulator.Build.0 = Debug|Any CPU
		{C7E60DC5-5AE8-43F4-89CB-FB5AD5008FF0}.Debug|x64.ActiveCfg = Debug|Any CPU
		{C7E60DC5-5AE8-43F4-89CB-FB5AD5008FF0}.Debug|x64.Build.0 = Debug|Any CPU
		{C7E60DC5-5AE8-43F4-89CB-FB5AD5008FF0}.Debug|x86.ActiveCfg = Debug|Any CPU
		{C7E60DC5-5AE8-43F4-89CB-FB5AD5008FF0}.Debug|x86.Build.0 = Debug|Any CPU
		{C7E60DC5-5AE8-43F4-89CB-FB5AD5008FF0}.Release|Any CPU.ActiveCfg = Release|Any CPU
		{C7E60DC5-5AE8-43F4-89CB-FB5AD5008FF0}.Release|Any CPU.Build.0 = Release|Any CPU
		{C7E60DC5-5AE8-43F4-89CB-FB5AD5008FF0}.Release|ARM.ActiveCfg = Release|Any CPU
		{C7E60DC5-5AE8-43F4-89CB-FB5AD5008FF0}.Release|ARM.Build.0 = Release|Any CPU
		{C7E60DC5-5AE8-43F4-89CB-FB5AD5008FF0}.Release|iPhone.ActiveCfg = Release|Any CPU
		{C7E60DC5-5AE8-43F4-89CB-FB5AD5008FF0}.Release|iPhone.Build.0 = Release|Any CPU
		{C7E60DC5-5AE8-43F4-89CB-FB5AD5008FF0}.Release|iPhoneSimulator.ActiveCfg = Release|Any CPU
		{C7E60DC5-5AE8-43F4-89CB-FB5AD5008FF0}.Release|iPhoneSimulator.Build.0 = Release|Any CPU
		{C7E60DC5-5AE8-43F4-89CB-FB5AD5008FF0}.Release|x64.ActiveCfg = Release|Any CPU
		{C7E60DC5-5AE8-43F4-89CB-FB5AD5008FF0}.Release|x64.Build.0 = Release|Any CPU
		{C7E60DC5-5AE8-43F4-89CB-FB5AD5008FF0}.Release|x86.ActiveCfg = Release|Any CPU
		{C7E60DC5-5AE8-43F4-89CB-FB5AD5008FF0}.Release|x86.Build.0 = Release|Any CPU
		{BA4C4CFE-3333-4873-8FA5-ADCB3E677CD2}.Ad-Hoc|Any CPU.ActiveCfg = Debug|Any CPU
		{BA4C4CFE-3333-4873-8FA5-ADCB3E677CD2}.Ad-Hoc|Any CPU.Build.0 = Debug|Any CPU
		{BA4C4CFE-3333-4873-8FA5-ADCB3E677CD2}.Ad-Hoc|ARM.ActiveCfg = Debug|Any CPU
		{BA4C4CFE-3333-4873-8FA5-ADCB3E677CD2}.Ad-Hoc|ARM.Build.0 = Debug|Any CPU
		{BA4C4CFE-3333-4873-8FA5-ADCB3E677CD2}.Ad-Hoc|iPhone.ActiveCfg = Debug|Any CPU
		{BA4C4CFE-3333-4873-8FA5-ADCB3E677CD2}.Ad-Hoc|iPhone.Build.0 = Debug|Any CPU
		{BA4C4CFE-3333-4873-8FA5-ADCB3E677CD2}.Ad-Hoc|iPhoneSimulator.ActiveCfg = Debug|Any CPU
		{BA4C4CFE-3333-4873-8FA5-ADCB3E677CD2}.Ad-Hoc|iPhoneSimulator.Build.0 = Debug|Any CPU
		{BA4C4CFE-3333-4873-8FA5-ADCB3E677CD2}.Ad-Hoc|x64.ActiveCfg = Debug|Any CPU
		{BA4C4CFE-3333-4873-8FA5-ADCB3E677CD2}.Ad-Hoc|x64.Build.0 = Debug|Any CPU
		{BA4C4CFE-3333-4873-8FA5-ADCB3E677CD2}.Ad-Hoc|x86.ActiveCfg = Debug|Any CPU
		{BA4C4CFE-3333-4873-8FA5-ADCB3E677CD2}.Ad-Hoc|x86.Build.0 = Debug|Any CPU
		{BA4C4CFE-3333-4873-8FA5-ADCB3E677CD2}.AppStore|Any CPU.ActiveCfg = Debug|Any CPU
		{BA4C4CFE-3333-4873-8FA5-ADCB3E677CD2}.AppStore|Any CPU.Build.0 = Debug|Any CPU
		{BA4C4CFE-3333-4873-8FA5-ADCB3E677CD2}.AppStore|ARM.ActiveCfg = Debug|Any CPU
		{BA4C4CFE-3333-4873-8FA5-ADCB3E677CD2}.AppStore|ARM.Build.0 = Debug|Any CPU
		{BA4C4CFE-3333-4873-8FA5-ADCB3E677CD2}.AppStore|iPhone.ActiveCfg = Debug|Any CPU
		{BA4C4CFE-3333-4873-8FA5-ADCB3E677CD2}.AppStore|iPhone.Build.0 = Debug|Any CPU
		{BA4C4CFE-3333-4873-8FA5-ADCB3E677CD2}.AppStore|iPhoneSimulator.ActiveCfg = Debug|Any CPU
		{BA4C4CFE-3333-4873-8FA5-ADCB3E677CD2}.AppStore|iPhoneSimulator.Build.0 = Debug|Any CPU
		{BA4C4CFE-3333-4873-8FA5-ADCB3E677CD2}.AppStore|x64.ActiveCfg = Debug|Any CPU
		{BA4C4CFE-3333-4873-8FA5-ADCB3E677CD2}.AppStore|x64.Build.0 = Debug|Any CPU
		{BA4C4CFE-3333-4873-8FA5-ADCB3E677CD2}.AppStore|x86.ActiveCfg = Debug|Any CPU
		{BA4C4CFE-3333-4873-8FA5-ADCB3E677CD2}.AppStore|x86.Build.0 = Debug|Any CPU
		{BA4C4CFE-3333-4873-8FA5-ADCB3E677CD2}.Debug|Any CPU.ActiveCfg = Debug|Any CPU
		{BA4C4CFE-3333-4873-8FA5-ADCB3E677CD2}.Debug|Any CPU.Build.0 = Debug|Any CPU
		{BA4C4CFE-3333-4873-8FA5-ADCB3E677CD2}.Debug|ARM.ActiveCfg = Debug|Any CPU
		{BA4C4CFE-3333-4873-8FA5-ADCB3E677CD2}.Debug|ARM.Build.0 = Debug|Any CPU
		{BA4C4CFE-3333-4873-8FA5-ADCB3E677CD2}.Debug|iPhone.ActiveCfg = Debug|Any CPU
		{BA4C4CFE-3333-4873-8FA5-ADCB3E677CD2}.Debug|iPhone.Build.0 = Debug|Any CPU
		{BA4C4CFE-3333-4873-8FA5-ADCB3E677CD2}.Debug|iPhoneSimulator.ActiveCfg = Debug|Any CPU
		{BA4C4CFE-3333-4873-8FA5-ADCB3E677CD2}.Debug|iPhoneSimulator.Build.0 = Debug|Any CPU
		{BA4C4CFE-3333-4873-8FA5-ADCB3E677CD2}.Debug|x64.ActiveCfg = Debug|Any CPU
		{BA4C4CFE-3333-4873-8FA5-ADCB3E677CD2}.Debug|x64.Build.0 = Debug|Any CPU
		{BA4C4CFE-3333-4873-8FA5-ADCB3E677CD2}.Debug|x86.ActiveCfg = Debug|Any CPU
		{BA4C4CFE-3333-4873-8FA5-ADCB3E677CD2}.Debug|x86.Build.0 = Debug|Any CPU
		{BA4C4CFE-3333-4873-8FA5-ADCB3E677CD2}.Release|Any CPU.ActiveCfg = Release|Any CPU
		{BA4C4CFE-3333-4873-8FA5-ADCB3E677CD2}.Release|Any CPU.Build.0 = Release|Any CPU
		{BA4C4CFE-3333-4873-8FA5-ADCB3E677CD2}.Release|ARM.ActiveCfg = Release|Any CPU
		{BA4C4CFE-3333-4873-8FA5-ADCB3E677CD2}.Release|ARM.Build.0 = Release|Any CPU
		{BA4C4CFE-3333-4873-8FA5-ADCB3E677CD2}.Release|iPhone.ActiveCfg = Release|Any CPU
		{BA4C4CFE-3333-4873-8FA5-ADCB3E677CD2}.Release|iPhone.Build.0 = Release|Any CPU
		{BA4C4CFE-3333-4873-8FA5-ADCB3E677CD2}.Release|iPhoneSimulator.ActiveCfg = Release|Any CPU
		{BA4C4CFE-3333-4873-8FA5-ADCB3E677CD2}.Release|iPhoneSimulator.Build.0 = Release|Any CPU
		{BA4C4CFE-3333-4873-8FA5-ADCB3E677CD2}.Release|x64.ActiveCfg = Release|Any CPU
		{BA4C4CFE-3333-4873-8FA5-ADCB3E677CD2}.Release|x64.Build.0 = Release|Any CPU
		{BA4C4CFE-3333-4873-8FA5-ADCB3E677CD2}.Release|x86.ActiveCfg = Release|Any CPU
		{BA4C4CFE-3333-4873-8FA5-ADCB3E677CD2}.Release|x86.Build.0 = Release|Any CPU
	EndGlobalSection
	GlobalSection(SolutionProperties) = preSolution
		HideSolutionNode = FALSE
	EndGlobalSection
	GlobalSection(NestedProjects) = preSolution
		{557F44FA-5978-423E-89AE-0614BECB5156} = {71EEA8A9-756C-49B4-85A0-C9FE9FBBDB61}
		{72A78E41-18EB-4345-AEA2-24E8C28FFF5C} = {71EEA8A9-756C-49B4-85A0-C9FE9FBBDB61}
		{F8964CF0-2D6F-4B1F-9BA0-F1FED6A0FD8A} = {73F84522-C6BC-42DC-91AF-C4EF7774729B}
		{AFC92A0A-0EDA-40EB-BF27-3BFECB2FA66C} = {C2ED612D-E3BA-4297-9355-08C697AF3CC7}
		{C7E60DC5-5AE8-43F4-89CB-FB5AD5008FF0} = {C2ED612D-E3BA-4297-9355-08C697AF3CC7}
		{BA4C4CFE-3333-4873-8FA5-ADCB3E677CD2} = {71EEA8A9-756C-49B4-85A0-C9FE9FBBDB61}
	EndGlobalSection
	GlobalSection(ExtensibilityGlobals) = postSolution
		SolutionGuid = {C94BA415-7FA8-4691-AB18-846D82E0FA2B}
	EndGlobalSection
EndGlobal
