
Microsoft Visual Studio Solution File, Format Version 12.00
# Visual Studio 15
VisualStudioVersion = 15.0.27428.2027
MinimumVisualStudioVersion = 10.0.40219.1
Project("{9A19103F-16F7-4668-BE54-9A1E7A4F7556}") = "azIoT.Standard.Device.Common", "azIoT.Standard.Device.Common\azIoT.Standard.Device.Common.csproj", "{92139F56-C8BC-419E-9F1D-B2385E2CE8FD}"
EndProject
Project("{2150E333-8FDC-42A3-9474-1A3956D46DE8}") = "Common", "Common", "{73F84522-C6BC-42DC-91AF-C4EF7774729B}"
EndProject
Project("{9A19103F-16F7-4668-BE54-9A1E7A4F7556}") = "azIoT.Standard.Common", "azIoT.Standard.Common\azIoT.Standard.Common.csproj", "{573F7812-56A9-425F-837B-B67F8B3A1D2D}"
EndProject
Project("{2150E333-8FDC-42A3-9474-1A3956D46DE8}") = "Simulators", "Simulators", "{C2ED612D-E3BA-4297-9355-08C697AF3CC7}"
EndProject
Project("{2150E333-8FDC-42A3-9474-1A3956D46DE8}") = "Apps", "Apps", "{71EEA8A9-756C-49B4-85A0-C9FE9FBBDB61}"
EndProject
Project("{9A19103F-16F7-4668-BE54-9A1E7A4F7556}") = "azIoT.Core.Apps.ConsoleApp", "azIoT.Core.Apps.ConsoleApp\azIoT.Core.Apps.ConsoleApp.csproj", "{31718087-34A7-4006-8BB9-C818E85B0E80}"
EndProject
Project("{9A19103F-16F7-4668-BE54-9A1E7A4F7556}") = "azIoT.Core.Device.WindowsWorkstation", "azIoT.Core.Device.WindowsWorkstation\azIoT.Core.Device.WindowsWorkstation.csproj", "{710B41AB-494E-4EAE-830C-219391FA2CAB}"
EndProject
Project("{9A19103F-16F7-4668-BE54-9A1E7A4F7556}") = "azIoT.Standard.Apps.Common", "azIoT.Standard.Apps.Common\azIoT.Standard.Apps.Common.csproj", "{7562899F-4739-447E-8B02-39142E13A112}"
EndProject
Project("{9A19103F-16F7-4668-BE54-9A1E7A4F7556}") = "azIoT.Core.Apps.WebApi", "azIoT.Core.Apps.WebApi\azIoT.Core.Apps.WebApi.csproj", "{3BE00A63-E3DF-4A59-8303-4E1C0E5CEEA6}"
EndProject
Global
	GlobalSection(SolutionConfigurationPlatforms) = preSolution
		Ad-Hoc|Any CPU = Ad-Hoc|Any CPU
		Ad-Hoc|ARM = Ad-Hoc|ARM
		Ad-Hoc|iPhone = Ad-Hoc|iPhone
		Ad-Hoc|iPhoneSimulator = Ad-Hoc|iPhoneSimulator
		Ad-Hoc|x64 = Ad-Hoc|x64
		Ad-Hoc|x86 = Ad-Hoc|x86
		AppStore|Any CPU = AppStore|Any CPU
		AppStore|ARM = AppStore|ARM
		AppStore|iPhone = AppStore|iPhone
		AppStore|iPhoneSimulator = AppStore|iPhoneSimulator
		AppStore|x64 = AppStore|x64
		AppStore|x86 = AppStore|x86
		Debug|Any CPU = Debug|Any CPU
		Debug|ARM = Debug|ARM
		Debug|iPhone = Debug|iPhone
		Debug|iPhoneSimulator = Debug|iPhoneSimulator
		Debug|x64 = Debug|x64
		Debug|x86 = Debug|x86
		Release|Any CPU = Release|Any CPU
		Release|ARM = Release|ARM
		Release|iPhone = Release|iPhone
		Release|iPhoneSimulator = Release|iPhoneSimulator
		Release|x64 = Release|x64
		Release|x86 = Release|x86
	EndGlobalSection
	GlobalSection(ProjectConfigurationPlatforms) = postSolution
		{92139F56-C8BC-419E-9F1D-B2385E2CE8FD}.Ad-Hoc|Any CPU.ActiveCfg = Release|Any CPU
		{92139F56-C8BC-419E-9F1D-B2385E2CE8FD}.Ad-Hoc|Any CPU.Build.0 = Release|Any CPU
		{92139F56-C8BC-419E-9F1D-B2385E2CE8FD}.Ad-Hoc|ARM.ActiveCfg = Release|Any CPU
		{92139F56-C8BC-419E-9F1D-B2385E2CE8FD}.Ad-Hoc|ARM.Build.0 = Release|Any CPU
		{92139F56-C8BC-419E-9F1D-B2385E2CE8FD}.Ad-Hoc|iPhone.ActiveCfg = Release|Any CPU
		{92139F56-C8BC-419E-9F1D-B2385E2CE8FD}.Ad-Hoc|iPhone.Build.0 = Release|Any CPU
		{92139F56-C8BC-419E-9F1D-B2385E2CE8FD}.Ad-Hoc|iPhoneSimulator.ActiveCfg = Release|Any CPU
		{92139F56-C8BC-419E-9F1D-B2385E2CE8FD}.Ad-Hoc|iPhoneSimulator.Build.0 = Release|Any CPU
		{92139F56-C8BC-419E-9F1D-B2385E2CE8FD}.Ad-Hoc|x64.ActiveCfg = Release|Any CPU
		{92139F56-C8BC-419E-9F1D-B2385E2CE8FD}.Ad-Hoc|x64.Build.0 = Release|Any CPU
		{92139F56-C8BC-419E-9F1D-B2385E2CE8FD}.Ad-Hoc|x86.ActiveCfg = Release|Any CPU
		{92139F56-C8BC-419E-9F1D-B2385E2CE8FD}.Ad-Hoc|x86.Build.0 = Release|Any CPU
		{92139F56-C8BC-419E-9F1D-B2385E2CE8FD}.AppStore|Any CPU.ActiveCfg = Release|Any CPU
		{92139F56-C8BC-419E-9F1D-B2385E2CE8FD}.AppStore|Any CPU.Build.0 = Release|Any CPU
		{92139F56-C8BC-419E-9F1D-B2385E2CE8FD}.AppStore|ARM.ActiveCfg = Release|Any CPU
		{92139F56-C8BC-419E-9F1D-B2385E2CE8FD}.AppStore|ARM.Build.0 = Release|Any CPU
		{92139F56-C8BC-419E-9F1D-B2385E2CE8FD}.AppStore|iPhone.ActiveCfg = Release|Any CPU
		{92139F56-C8BC-419E-9F1D-B2385E2CE8FD}.AppStore|iPhone.Build.0 = Release|Any CPU
		{92139F56-C8BC-419E-9F1D-B2385E2CE8FD}.AppStore|iPhoneSimulator.ActiveCfg = Release|Any CPU
		{92139F56-C8BC-419E-9F1D-B2385E2CE8FD}.AppStore|iPhoneSimulator.Build.0 = Release|Any CPU
		{92139F56-C8BC-419E-9F1D-B2385E2CE8FD}.AppStore|x64.ActiveCfg = Release|Any CPU
		{92139F56-C8BC-419E-9F1D-B2385E2CE8FD}.AppStore|x64.Build.0 = Release|Any CPU
		{92139F56-C8BC-419E-9F1D-B2385E2CE8FD}.AppStore|x86.ActiveCfg = Release|Any CPU
		{92139F56-C8BC-419E-9F1D-B2385E2CE8FD}.AppStore|x86.Build.0 = Release|Any CPU
		{92139F56-C8BC-419E-9F1D-B2385E2CE8FD}.Debug|Any CPU.ActiveCfg = Debug|Any CPU
		{92139F56-C8BC-419E-9F1D-B2385E2CE8FD}.Debug|Any CPU.Build.0 = Debug|Any CPU
		{92139F56-C8BC-419E-9F1D-B2385E2CE8FD}.Debug|ARM.ActiveCfg = Debug|Any CPU
		{92139F56-C8BC-419E-9F1D-B2385E2CE8FD}.Debug|ARM.Build.0 = Debug|Any CPU
		{92139F56-C8BC-419E-9F1D-B2385E2CE8FD}.Debug|iPhone.ActiveCfg = Debug|Any CPU
		{92139F56-C8BC-419E-9F1D-B2385E2CE8FD}.Debug|iPhone.Build.0 = Debug|Any CPU
		{92139F56-C8BC-419E-9F1D-B2385E2CE8FD}.Debug|iPhoneSimulator.ActiveCfg = Debug|Any CPU
		{92139F56-C8BC-419E-9F1D-B2385E2CE8FD}.Debug|iPhoneSimulator.Build.0 = Debug|Any CPU
		{92139F56-C8BC-419E-9F1D-B2385E2CE8FD}.Debug|x64.ActiveCfg = Debug|Any CPU
		{92139F56-C8BC-419E-9F1D-B2385E2CE8FD}.Debug|x64.Build.0 = Debug|Any CPU
		{92139F56-C8BC-419E-9F1D-B2385E2CE8FD}.Debug|x86.ActiveCfg = Debug|Any CPU
		{92139F56-C8BC-419E-9F1D-B2385E2CE8FD}.Debug|x86.Build.0 = Debug|Any CPU
		{92139F56-C8BC-419E-9F1D-B2385E2CE8FD}.Release|Any CPU.ActiveCfg = Release|Any CPU
		{92139F56-C8BC-419E-9F1D-B2385E2CE8FD}.Release|Any CPU.Build.0 = Release|Any CPU
		{92139F56-C8BC-419E-9F1D-B2385E2CE8FD}.Release|ARM.ActiveCfg = Release|Any CPU
		{92139F56-C8BC-419E-9F1D-B2385E2CE8FD}.Release|ARM.Build.0 = Release|Any CPU
		{92139F56-C8BC-419E-9F1D-B2385E2CE8FD}.Release|iPhone.ActiveCfg = Release|Any CPU
		{92139F56-C8BC-419E-9F1D-B2385E2CE8FD}.Release|iPhone.Build.0 = Release|Any CPU
		{92139F56-C8BC-419E-9F1D-B2385E2CE8FD}.Release|iPhoneSimulator.ActiveCfg = Release|Any CPU
		{92139F56-C8BC-419E-9F1D-B2385E2CE8FD}.Release|iPhoneSimulator.Build.0 = Release|Any CPU
		{92139F56-C8BC-419E-9F1D-B2385E2CE8FD}.Release|x64.ActiveCfg = Release|Any CPU
		{92139F56-C8BC-419E-9F1D-B2385E2CE8FD}.Release|x64.Build.0 = Release|Any CPU
		{92139F56-C8BC-419E-9F1D-B2385E2CE8FD}.Release|x86.ActiveCfg = Release|Any CPU
		{92139F56-C8BC-419E-9F1D-B2385E2CE8FD}.Release|x86.Build.0 = Release|Any CPU
		{573F7812-56A9-425F-837B-B67F8B3A1D2D}.Ad-Hoc|Any CPU.ActiveCfg = Release|Any CPU
		{573F7812-56A9-425F-837B-B67F8B3A1D2D}.Ad-Hoc|Any CPU.Build.0 = Release|Any CPU
		{573F7812-56A9-425F-837B-B67F8B3A1D2D}.Ad-Hoc|ARM.ActiveCfg = Release|Any CPU
		{573F7812-56A9-425F-837B-B67F8B3A1D2D}.Ad-Hoc|ARM.Build.0 = Release|Any CPU
		{573F7812-56A9-425F-837B-B67F8B3A1D2D}.Ad-Hoc|iPhone.ActiveCfg = Release|Any CPU
		{573F7812-56A9-425F-837B-B67F8B3A1D2D}.Ad-Hoc|iPhone.Build.0 = Release|Any CPU
		{573F7812-56A9-425F-837B-B67F8B3A1D2D}.Ad-Hoc|iPhoneSimulator.ActiveCfg = Release|Any CPU
		{573F7812-56A9-425F-837B-B67F8B3A1D2D}.Ad-Hoc|iPhoneSimulator.Build.0 = Release|Any CPU
		{573F7812-56A9-425F-837B-B67F8B3A1D2D}.Ad-Hoc|x64.ActiveCfg = Release|Any CPU
		{573F7812-56A9-425F-837B-B67F8B3A1D2D}.Ad-Hoc|x64.Build.0 = Release|Any CPU
		{573F7812-56A9-425F-837B-B67F8B3A1D2D}.Ad-Hoc|x86.ActiveCfg = Release|Any CPU
		{573F7812-56A9-425F-837B-B67F8B3A1D2D}.Ad-Hoc|x86.Build.0 = Release|Any CPU
		{573F7812-56A9-425F-837B-B67F8B3A1D2D}.AppStore|Any CPU.ActiveCfg = Release|Any CPU
		{573F7812-56A9-425F-837B-B67F8B3A1D2D}.AppStore|Any CPU.Build.0 = Release|Any CPU
		{573F7812-56A9-425F-837B-B67F8B3A1D2D}.AppStore|ARM.ActiveCfg = Release|Any CPU
		{573F7812-56A9-425F-837B-B67F8B3A1D2D}.AppStore|ARM.Build.0 = Release|Any CPU
		{573F7812-56A9-425F-837B-B67F8B3A1D2D}.AppStore|iPhone.ActiveCfg = Release|Any CPU
		{573F7812-56A9-425F-837B-B67F8B3A1D2D}.AppStore|iPhone.Build.0 = Release|Any CPU
		{573F7812-56A9-425F-837B-B67F8B3A1D2D}.AppStore|iPhoneSimulator.ActiveCfg = Release|Any CPU
		{573F7812-56A9-425F-837B-B67F8B3A1D2D}.AppStore|iPhoneSimulator.Build.0 = Release|Any CPU
		{573F7812-56A9-425F-837B-B67F8B3A1D2D}.AppStore|x64.ActiveCfg = Release|Any CPU
		{573F7812-56A9-425F-837B-B67F8B3A1D2D}.AppStore|x64.Build.0 = Release|Any CPU
		{573F7812-56A9-425F-837B-B67F8B3A1D2D}.AppStore|x86.ActiveCfg = Release|Any CPU
		{573F7812-56A9-425F-837B-B67F8B3A1D2D}.AppStore|x86.Build.0 = Release|Any CPU
		{573F7812-56A9-425F-837B-B67F8B3A1D2D}.Debug|Any CPU.ActiveCfg = Debug|Any CPU
		{573F7812-56A9-425F-837B-B67F8B3A1D2D}.Debug|Any CPU.Build.0 = Debug|Any CPU
		{573F7812-56A9-425F-837B-B67F8B3A1D2D}.Debug|ARM.ActiveCfg = Debug|Any CPU
		{573F7812-56A9-425F-837B-B67F8B3A1D2D}.Debug|ARM.Build.0 = Debug|Any CPU
		{573F7812-56A9-425F-837B-B67F8B3A1D2D}.Debug|iPhone.ActiveCfg = Debug|Any CPU
		{573F7812-56A9-425F-837B-B67F8B3A1D2D}.Debug|iPhone.Build.0 = Debug|Any CPU
		{573F7812-56A9-425F-837B-B67F8B3A1D2D}.Debug|iPhoneSimulator.ActiveCfg = Debug|Any CPU
		{573F7812-56A9-425F-837B-B67F8B3A1D2D}.Debug|iPhoneSimulator.Build.0 = Debug|Any CPU
		{573F7812-56A9-425F-837B-B67F8B3A1D2D}.Debug|x64.ActiveCfg = Debug|Any CPU
		{573F7812-56A9-425F-837B-B67F8B3A1D2D}.Debug|x64.Build.0 = Debug|Any CPU
		{573F7812-56A9-425F-837B-B67F8B3A1D2D}.Debug|x86.ActiveCfg = Debug|Any CPU
		{573F7812-56A9-425F-837B-B67F8B3A1D2D}.Debug|x86.Build.0 = Debug|Any CPU
		{573F7812-56A9-425F-837B-B67F8B3A1D2D}.Release|Any CPU.ActiveCfg = Release|Any CPU
		{573F7812-56A9-425F-837B-B67F8B3A1D2D}.Release|Any CPU.Build.0 = Release|Any CPU
		{573F7812-56A9-425F-837B-B67F8B3A1D2D}.Release|ARM.ActiveCfg = Release|Any CPU
		{573F7812-56A9-425F-837B-B67F8B3A1D2D}.Release|ARM.Build.0 = Release|Any CPU
		{573F7812-56A9-425F-837B-B67F8B3A1D2D}.Release|iPhone.ActiveCfg = Release|Any CPU
		{573F7812-56A9-425F-837B-B67F8B3A1D2D}.Release|iPhone.Build.0 = Release|Any CPU
		{573F7812-56A9-425F-837B-B67F8B3A1D2D}.Release|iPhoneSimulator.ActiveCfg = Release|Any CPU
		{573F7812-56A9-425F-837B-B67F8B3A1D2D}.Release|iPhoneSimulator.Build.0 = Release|Any CPU
		{573F7812-56A9-425F-837B-B67F8B3A1D2D}.Release|x64.ActiveCfg = Release|Any CPU
		{573F7812-56A9-425F-837B-B67F8B3A1D2D}.Release|x64.Build.0 = Release|Any CPU
		{573F7812-56A9-425F-837B-B67F8B3A1D2D}.Release|x86.ActiveCfg = Release|Any CPU
		{573F7812-56A9-425F-837B-B67F8B3A1D2D}.Release|x86.Build.0 = Release|Any CPU
		{31718087-34A7-4006-8BB9-C818E85B0E80}.Ad-Hoc|Any CPU.ActiveCfg = Release|Any CPU
		{31718087-34A7-4006-8BB9-C818E85B0E80}.Ad-Hoc|Any CPU.Build.0 = Release|Any CPU
		{31718087-34A7-4006-8BB9-C818E85B0E80}.Ad-Hoc|ARM.ActiveCfg = Release|Any CPU
		{31718087-34A7-4006-8BB9-C818E85B0E80}.Ad-Hoc|ARM.Build.0 = Release|Any CPU
		{31718087-34A7-4006-8BB9-C818E85B0E80}.Ad-Hoc|iPhone.ActiveCfg = Release|Any CPU
		{31718087-34A7-4006-8BB9-C818E85B0E80}.Ad-Hoc|iPhone.Build.0 = Release|Any CPU
		{31718087-34A7-4006-8BB9-C818E85B0E80}.Ad-Hoc|iPhoneSimulator.ActiveCfg = Release|Any CPU
		{31718087-34A7-4006-8BB9-C818E85B0E80}.Ad-Hoc|iPhoneSimulator.Build.0 = Release|Any CPU
		{31718087-34A7-4006-8BB9-C818E85B0E80}.Ad-Hoc|x64.ActiveCfg = Release|Any CPU
		{31718087-34A7-4006-8BB9-C818E85B0E80}.Ad-Hoc|x64.Build.0 = Release|Any CPU
		{31718087-34A7-4006-8BB9-C818E85B0E80}.Ad-Hoc|x86.ActiveCfg = Release|Any CPU
		{31718087-34A7-4006-8BB9-C818E85B0E80}.Ad-Hoc|x86.Build.0 = Release|Any CPU
		{31718087-34A7-4006-8BB9-C818E85B0E80}.AppStore|Any CPU.ActiveCfg = Release|Any CPU
		{31718087-34A7-4006-8BB9-C818E85B0E80}.AppStore|Any CPU.Build.0 = Release|Any CPU
		{31718087-34A7-4006-8BB9-C818E85B0E80}.AppStore|ARM.ActiveCfg = Release|Any CPU
		{31718087-34A7-4006-8BB9-C818E85B0E80}.AppStore|ARM.Build.0 = Release|Any CPU
		{31718087-34A7-4006-8BB9-C818E85B0E80}.AppStore|iPhone.ActiveCfg = Release|Any CPU
		{31718087-34A7-4006-8BB9-C818E85B0E80}.AppStore|iPhone.Build.0 = Release|Any CPU
		{31718087-34A7-4006-8BB9-C818E85B0E80}.AppStore|iPhoneSimulator.ActiveCfg = Release|Any CPU
		{31718087-34A7-4006-8BB9-C818E85B0E80}.AppStore|iPhoneSimulator.Build.0 = Release|Any CPU
		{31718087-34A7-4006-8BB9-C818E85B0E80}.AppStore|x64.ActiveCfg = Release|Any CPU
		{31718087-34A7-4006-8BB9-C818E85B0E80}.AppStore|x64.Build.0 = Release|Any CPU
		{31718087-34A7-4006-8BB9-C818E85B0E80}.AppStore|x86.ActiveCfg = Release|Any CPU
		{31718087-34A7-4006-8BB9-C818E85B0E80}.AppStore|x86.Build.0 = Release|Any CPU
		{31718087-34A7-4006-8BB9-C818E85B0E80}.Debug|Any CPU.ActiveCfg = Debug|Any CPU
		{31718087-34A7-4006-8BB9-C818E85B0E80}.Debug|Any CPU.Build.0 = Debug|Any CPU
		{31718087-34A7-4006-8BB9-C818E85B0E80}.Debug|ARM.ActiveCfg = Debug|Any CPU
		{31718087-34A7-4006-8BB9-C818E85B0E80}.Debug|ARM.Build.0 = Debug|Any CPU
		{31718087-34A7-4006-8BB9-C818E85B0E80}.Debug|iPhone.ActiveCfg = Debug|Any CPU
		{31718087-34A7-4006-8BB9-C818E85B0E80}.Debug|iPhone.Build.0 = Debug|Any CPU
		{31718087-34A7-4006-8BB9-C818E85B0E80}.Debug|iPhoneSimulator.ActiveCfg = Debug|Any CPU
		{31718087-34A7-4006-8BB9-C818E85B0E80}.Debug|iPhoneSimulator.Build.0 = Debug|Any CPU
		{31718087-34A7-4006-8BB9-C818E85B0E80}.Debug|x64.ActiveCfg = Debug|Any CPU
		{31718087-34A7-4006-8BB9-C818E85B0E80}.Debug|x64.Build.0 = Debug|Any CPU
		{31718087-34A7-4006-8BB9-C818E85B0E80}.Debug|x86.ActiveCfg = Debug|Any CPU
		{31718087-34A7-4006-8BB9-C818E85B0E80}.Debug|x86.Build.0 = Debug|Any CPU
		{31718087-34A7-4006-8BB9-C818E85B0E80}.Release|Any CPU.ActiveCfg = Release|Any CPU
		{31718087-34A7-4006-8BB9-C818E85B0E80}.Release|Any CPU.Build.0 = Release|Any CPU
		{31718087-34A7-4006-8BB9-C818E85B0E80}.Release|ARM.ActiveCfg = Release|Any CPU
		{31718087-34A7-4006-8BB9-C818E85B0E80}.Release|ARM.Build.0 = Release|Any CPU
		{31718087-34A7-4006-8BB9-C818E85B0E80}.Release|iPhone.ActiveCfg = Release|Any CPU
		{31718087-34A7-4006-8BB9-C818E85B0E80}.Release|iPhone.Build.0 = Release|Any CPU
		{31718087-34A7-4006-8BB9-C818E85B0E80}.Release|iPhoneSimulator.ActiveCfg = Release|Any CPU
		{31718087-34A7-4006-8BB9-C818E85B0E80}.Release|iPhoneSimulator.Build.0 = Release|Any CPU
		{31718087-34A7-4006-8BB9-C818E85B0E80}.Release|x64.ActiveCfg = Release|Any CPU
		{31718087-34A7-4006-8BB9-C818E85B0E80}.Release|x64.Build.0 = Release|Any CPU
		{31718087-34A7-4006-8BB9-C818E85B0E80}.Release|x86.ActiveCfg = Release|Any CPU
		{31718087-34A7-4006-8BB9-C818E85B0E80}.Release|x86.Build.0 = Release|Any CPU
		{710B41AB-494E-4EAE-830C-219391FA2CAB}.Ad-Hoc|Any CPU.ActiveCfg = Release|Any CPU
		{710B41AB-494E-4EAE-830C-219391FA2CAB}.Ad-Hoc|Any CPU.Build.0 = Release|Any CPU
		{710B41AB-494E-4EAE-830C-219391FA2CAB}.Ad-Hoc|ARM.ActiveCfg = Release|Any CPU
		{710B41AB-494E-4EAE-830C-219391FA2CAB}.Ad-Hoc|ARM.Build.0 = Release|Any CPU
		{710B41AB-494E-4EAE-830C-219391FA2CAB}.Ad-Hoc|iPhone.ActiveCfg = Release|Any CPU
		{710B41AB-494E-4EAE-830C-219391FA2CAB}.Ad-Hoc|iPhone.Build.0 = Release|Any CPU
		{710B41AB-494E-4EAE-830C-219391FA2CAB}.Ad-Hoc|iPhoneSimulator.ActiveCfg = Release|Any CPU
		{710B41AB-494E-4EAE-830C-219391FA2CAB}.Ad-Hoc|iPhoneSimulator.Build.0 = Release|Any CPU
		{710B41AB-494E-4EAE-830C-219391FA2CAB}.Ad-Hoc|x64.ActiveCfg = Release|Any CPU
		{710B41AB-494E-4EAE-830C-219391FA2CAB}.Ad-Hoc|x64.Build.0 = Release|Any CPU
		{710B41AB-494E-4EAE-830C-219391FA2CAB}.Ad-Hoc|x86.ActiveCfg = Release|Any CPU
		{710B41AB-494E-4EAE-830C-219391FA2CAB}.Ad-Hoc|x86.Build.0 = Release|Any CPU
		{710B41AB-494E-4EAE-830C-219391FA2CAB}.AppStore|Any CPU.ActiveCfg = Release|Any CPU
		{710B41AB-494E-4EAE-830C-219391FA2CAB}.AppStore|Any CPU.Build.0 = Release|Any CPU
		{710B41AB-494E-4EAE-830C-219391FA2CAB}.AppStore|ARM.ActiveCfg = Release|Any CPU
		{710B41AB-494E-4EAE-830C-219391FA2CAB}.AppStore|ARM.Build.0 = Release|Any CPU
		{710B41AB-494E-4EAE-830C-219391FA2CAB}.AppStore|iPhone.ActiveCfg = Release|Any CPU
		{710B41AB-494E-4EAE-830C-219391FA2CAB}.AppStore|iPhone.Build.0 = Release|Any CPU
		{710B41AB-494E-4EAE-830C-219391FA2CAB}.AppStore|iPhoneSimulator.ActiveCfg = Release|Any CPU
		{710B41AB-494E-4EAE-830C-219391FA2CAB}.AppStore|iPhoneSimulator.Build.0 = Release|Any CPU
		{710B41AB-494E-4EAE-830C-219391FA2CAB}.AppStore|x64.ActiveCfg = Release|Any CPU
		{710B41AB-494E-4EAE-830C-219391FA2CAB}.AppStore|x64.Build.0 = Release|Any CPU
		{710B41AB-494E-4EAE-830C-219391FA2CAB}.AppStore|x86.ActiveCfg = Release|Any CPU
		{710B41AB-494E-4EAE-830C-219391FA2CAB}.AppStore|x86.Build.0 = Release|Any CPU
		{710B41AB-494E-4EAE-830C-219391FA2CAB}.Debug|Any CPU.ActiveCfg = Debug|Any CPU
		{710B41AB-494E-4EAE-830C-219391FA2CAB}.Debug|Any CPU.Build.0 = Debug|Any CPU
		{710B41AB-494E-4EAE-830C-219391FA2CAB}.Debug|ARM.ActiveCfg = Debug|Any CPU
		{710B41AB-494E-4EAE-830C-219391FA2CAB}.Debug|ARM.Build.0 = Debug|Any CPU
		{710B41AB-494E-4EAE-830C-219391FA2CAB}.Debug|iPhone.ActiveCfg = Debug|Any CPU
		{710B41AB-494E-4EAE-830C-219391FA2CAB}.Debug|iPhone.Build.0 = Debug|Any CPU
		{710B41AB-494E-4EAE-830C-219391FA2CAB}.Debug|iPhoneSimulator.ActiveCfg = Debug|Any CPU
		{710B41AB-494E-4EAE-830C-219391FA2CAB}.Debug|iPhoneSimulator.Build.0 = Debug|Any CPU
		{710B41AB-494E-4EAE-830C-219391FA2CAB}.Debug|x64.ActiveCfg = Debug|Any CPU
		{710B41AB-494E-4EAE-830C-219391FA2CAB}.Debug|x64.Build.0 = Debug|Any CPU
		{710B41AB-494E-4EAE-830C-219391FA2CAB}.Debug|x86.ActiveCfg = Debug|Any CPU
		{710B41AB-494E-4EAE-830C-219391FA2CAB}.Debug|x86.Build.0 = Debug|Any CPU
		{710B41AB-494E-4EAE-830C-219391FA2CAB}.Release|Any CPU.ActiveCfg = Release|Any CPU
		{710B41AB-494E-4EAE-830C-219391FA2CAB}.Release|Any CPU.Build.0 = Release|Any CPU
		{710B41AB-494E-4EAE-830C-219391FA2CAB}.Release|ARM.ActiveCfg = Release|Any CPU
		{710B41AB-494E-4EAE-830C-219391FA2CAB}.Release|ARM.Build.0 = Release|Any CPU
		{710B41AB-494E-4EAE-830C-219391FA2CAB}.Release|iPhone.ActiveCfg = Release|Any CPU
		{710B41AB-494E-4EAE-830C-219391FA2CAB}.Release|iPhone.Build.0 = Release|Any CPU
		{710B41AB-494E-4EAE-830C-219391FA2CAB}.Release|iPhoneSimulator.ActiveCfg = Release|Any CPU
		{710B41AB-494E-4EAE-830C-219391FA2CAB}.Release|iPhoneSimulator.Build.0 = Release|Any CPU
		{710B41AB-494E-4EAE-830C-219391FA2CAB}.Release|x64.ActiveCfg = Release|Any CPU
		{710B41AB-494E-4EAE-830C-219391FA2CAB}.Release|x64.Build.0 = Release|Any CPU
		{710B41AB-494E-4EAE-830C-219391FA2CAB}.Release|x86.ActiveCfg = Release|Any CPU
		{710B41AB-494E-4EAE-830C-219391FA2CAB}.Release|x86.Build.0 = Release|Any CPU
		{7562899F-4739-447E-8B02-39142E13A112}.Ad-Hoc|Any CPU.ActiveCfg = Release|Any CPU
		{7562899F-4739-447E-8B02-39142E13A112}.Ad-Hoc|Any CPU.Build.0 = Release|Any CPU
		{7562899F-4739-447E-8B02-39142E13A112}.Ad-Hoc|ARM.ActiveCfg = Release|Any CPU
		{7562899F-4739-447E-8B02-39142E13A112}.Ad-Hoc|ARM.Build.0 = Release|Any CPU
		{7562899F-4739-447E-8B02-39142E13A112}.Ad-Hoc|iPhone.ActiveCfg = Release|Any CPU
		{7562899F-4739-447E-8B02-39142E13A112}.Ad-Hoc|iPhone.Build.0 = Release|Any CPU
		{7562899F-4739-447E-8B02-39142E13A112}.Ad-Hoc|iPhoneSimulator.ActiveCfg = Release|Any CPU
		{7562899F-4739-447E-8B02-39142E13A112}.Ad-Hoc|iPhoneSimulator.Build.0 = Release|Any CPU
		{7562899F-4739-447E-8B02-39142E13A112}.Ad-Hoc|x64.ActiveCfg = Release|Any CPU
		{7562899F-4739-447E-8B02-39142E13A112}.Ad-Hoc|x64.Build.0 = Release|Any CPU
		{7562899F-4739-447E-8B02-39142E13A112}.Ad-Hoc|x86.ActiveCfg = Release|Any CPU
		{7562899F-4739-447E-8B02-39142E13A112}.Ad-Hoc|x86.Build.0 = Release|Any CPU
		{7562899F-4739-447E-8B02-39142E13A112}.AppStore|Any CPU.ActiveCfg = Release|Any CPU
		{7562899F-4739-447E-8B02-39142E13A112}.AppStore|Any CPU.Build.0 = Release|Any CPU
		{7562899F-4739-447E-8B02-39142E13A112}.AppStore|ARM.ActiveCfg = Release|Any CPU
		{7562899F-4739-447E-8B02-39142E13A112}.AppStore|ARM.Build.0 = Release|Any CPU
		{7562899F-4739-447E-8B02-39142E13A112}.AppStore|iPhone.ActiveCfg = Release|Any CPU
		{7562899F-4739-447E-8B02-39142E13A112}.AppStore|iPhone.Build.0 = Release|Any CPU
		{7562899F-4739-447E-8B02-39142E13A112}.AppStore|iPhoneSimulator.ActiveCfg = Release|Any CPU
		{7562899F-4739-447E-8B02-39142E13A112}.AppStore|iPhoneSimulator.Build.0 = Release|Any CPU
		{7562899F-4739-447E-8B02-39142E13A112}.AppStore|x64.ActiveCfg = Release|Any CPU
		{7562899F-4739-447E-8B02-39142E13A112}.AppStore|x64.Build.0 = Release|Any CPU
		{7562899F-4739-447E-8B02-39142E13A112}.AppStore|x86.ActiveCfg = Release|Any CPU
		{7562899F-4739-447E-8B02-39142E13A112}.AppStore|x86.Build.0 = Release|Any CPU
		{7562899F-4739-447E-8B02-39142E13A112}.Debug|Any CPU.ActiveCfg = Debug|Any CPU
		{7562899F-4739-447E-8B02-39142E13A112}.Debug|Any CPU.Build.0 = Debug|Any CPU
		{7562899F-4739-447E-8B02-39142E13A112}.Debug|ARM.ActiveCfg = Debug|Any CPU
		{7562899F-4739-447E-8B02-39142E13A112}.Debug|ARM.Build.0 = Debug|Any CPU
		{7562899F-4739-447E-8B02-39142E13A112}.Debug|iPhone.ActiveCfg = Debug|Any CPU
		{7562899F-4739-447E-8B02-39142E13A112}.Debug|iPhone.Build.0 = Debug|Any CPU
		{7562899F-4739-447E-8B02-39142E13A112}.Debug|iPhoneSimulator.ActiveCfg = Debug|Any CPU
		{7562899F-4739-447E-8B02-39142E13A112}.Debug|iPhoneSimulator.Build.0 = Debug|Any CPU
		{7562899F-4739-447E-8B02-39142E13A112}.Debug|x64.ActiveCfg = Debug|Any CPU
		{7562899F-4739-447E-8B02-39142E13A112}.Debug|x64.Build.0 = Debug|Any CPU
		{7562899F-4739-447E-8B02-39142E13A112}.Debug|x86.ActiveCfg = Debug|Any CPU
		{7562899F-4739-447E-8B02-39142E13A112}.Debug|x86.Build.0 = Debug|Any CPU
		{7562899F-4739-447E-8B02-39142E13A112}.Release|Any CPU.ActiveCfg = Release|Any CPU
		{7562899F-4739-447E-8B02-39142E13A112}.Release|Any CPU.Build.0 = Release|Any CPU
		{7562899F-4739-447E-8B02-39142E13A112}.Release|ARM.ActiveCfg = Release|Any CPU
		{7562899F-4739-447E-8B02-39142E13A112}.Release|ARM.Build.0 = Release|Any CPU
		{7562899F-4739-447E-8B02-39142E13A112}.Release|iPhone.ActiveCfg = Release|Any CPU
		{7562899F-4739-447E-8B02-39142E13A112}.Release|iPhone.Build.0 = Release|Any CPU
		{7562899F-4739-447E-8B02-39142E13A112}.Release|iPhoneSimulator.ActiveCfg = Release|Any CPU
		{7562899F-4739-447E-8B02-39142E13A112}.Release|iPhoneSimulator.Build.0 = Release|Any CPU
		{7562899F-4739-447E-8B02-39142E13A112}.Release|x64.ActiveCfg = Release|Any CPU
		{7562899F-4739-447E-8B02-39142E13A112}.Release|x64.Build.0 = Release|Any CPU
		{7562899F-4739-447E-8B02-39142E13A112}.Release|x86.ActiveCfg = Release|Any CPU
		{7562899F-4739-447E-8B02-39142E13A112}.Release|x86.Build.0 = Release|Any CPU
		{3BE00A63-E3DF-4A59-8303-4E1C0E5CEEA6}.Ad-Hoc|Any CPU.ActiveCfg = Debug|Any CPU
		{3BE00A63-E3DF-4A59-8303-4E1C0E5CEEA6}.Ad-Hoc|Any CPU.Build.0 = Debug|Any CPU
		{3BE00A63-E3DF-4A59-8303-4E1C0E5CEEA6}.Ad-Hoc|ARM.ActiveCfg = Debug|Any CPU
		{3BE00A63-E3DF-4A59-8303-4E1C0E5CEEA6}.Ad-Hoc|ARM.Build.0 = Debug|Any CPU
		{3BE00A63-E3DF-4A59-8303-4E1C0E5CEEA6}.Ad-Hoc|iPhone.ActiveCfg = Debug|Any CPU
		{3BE00A63-E3DF-4A59-8303-4E1C0E5CEEA6}.Ad-Hoc|iPhone.Build.0 = Debug|Any CPU
		{3BE00A63-E3DF-4A59-8303-4E1C0E5CEEA6}.Ad-Hoc|iPhoneSimulator.ActiveCfg = Debug|Any CPU
		{3BE00A63-E3DF-4A59-8303-4E1C0E5CEEA6}.Ad-Hoc|iPhoneSimulator.Build.0 = Debug|Any CPU
		{3BE00A63-E3DF-4A59-8303-4E1C0E5CEEA6}.Ad-Hoc|x64.ActiveCfg = Debug|Any CPU
		{3BE00A63-E3DF-4A59-8303-4E1C0E5CEEA6}.Ad-Hoc|x64.Build.0 = Debug|Any CPU
		{3BE00A63-E3DF-4A59-8303-4E1C0E5CEEA6}.Ad-Hoc|x86.ActiveCfg = Debug|Any CPU
		{3BE00A63-E3DF-4A59-8303-4E1C0E5CEEA6}.Ad-Hoc|x86.Build.0 = Debug|Any CPU
		{3BE00A63-E3DF-4A59-8303-4E1C0E5CEEA6}.AppStore|Any CPU.ActiveCfg = Debug|Any CPU
		{3BE00A63-E3DF-4A59-8303-4E1C0E5CEEA6}.AppStore|Any CPU.Build.0 = Debug|Any CPU
		{3BE00A63-E3DF-4A59-8303-4E1C0E5CEEA6}.AppStore|ARM.ActiveCfg = Debug|Any CPU
		{3BE00A63-E3DF-4A59-8303-4E1C0E5CEEA6}.AppStore|ARM.Build.0 = Debug|Any CPU
		{3BE00A63-E3DF-4A59-8303-4E1C0E5CEEA6}.AppStore|iPhone.ActiveCfg = Debug|Any CPU
		{3BE00A63-E3DF-4A59-8303-4E1C0E5CEEA6}.AppStore|iPhone.Build.0 = Debug|Any CPU
		{3BE00A63-E3DF-4A59-8303-4E1C0E5CEEA6}.AppStore|iPhoneSimulator.ActiveCfg = Debug|Any CPU
		{3BE00A63-E3DF-4A59-8303-4E1C0E5CEEA6}.AppStore|iPhoneSimulator.Build.0 = Debug|Any CPU
		{3BE00A63-E3DF-4A59-8303-4E1C0E5CEEA6}.AppStore|x64.ActiveCfg = Debug|Any CPU
		{3BE00A63-E3DF-4A59-8303-4E1C0E5CEEA6}.AppStore|x64.Build.0 = Debug|Any CPU
		{3BE00A63-E3DF-4A59-8303-4E1C0E5CEEA6}.AppStore|x86.ActiveCfg = Debug|Any CPU
		{3BE00A63-E3DF-4A59-8303-4E1C0E5CEEA6}.AppStore|x86.Build.0 = Debug|Any CPU
		{3BE00A63-E3DF-4A59-8303-4E1C0E5CEEA6}.Debug|Any CPU.ActiveCfg = Debug|Any CPU
		{3BE00A63-E3DF-4A59-8303-4E1C0E5CEEA6}.Debug|Any CPU.Build.0 = Debug|Any CPU
		{3BE00A63-E3DF-4A59-8303-4E1C0E5CEEA6}.Debug|ARM.ActiveCfg = Debug|Any CPU
		{3BE00A63-E3DF-4A59-8303-4E1C0E5CEEA6}.Debug|ARM.Build.0 = Debug|Any CPU
		{3BE00A63-E3DF-4A59-8303-4E1C0E5CEEA6}.Debug|iPhone.ActiveCfg = Debug|Any CPU
		{3BE00A63-E3DF-4A59-8303-4E1C0E5CEEA6}.Debug|iPhone.Build.0 = Debug|Any CPU
		{3BE00A63-E3DF-4A59-8303-4E1C0E5CEEA6}.Debug|iPhoneSimulator.ActiveCfg = Debug|Any CPU
		{3BE00A63-E3DF-4A59-8303-4E1C0E5CEEA6}.Debug|iPhoneSimulator.Build.0 = Debug|Any CPU
		{3BE00A63-E3DF-4A59-8303-4E1C0E5CEEA6}.Debug|x64.ActiveCfg = Debug|Any CPU
		{3BE00A63-E3DF-4A59-8303-4E1C0E5CEEA6}.Debug|x64.Build.0 = Debug|Any CPU
		{3BE00A63-E3DF-4A59-8303-4E1C0E5CEEA6}.Debug|x86.ActiveCfg = Debug|Any CPU
		{3BE00A63-E3DF-4A59-8303-4E1C0E5CEEA6}.Debug|x86.Build.0 = Debug|Any CPU
		{3BE00A63-E3DF-4A59-8303-4E1C0E5CEEA6}.Release|Any CPU.ActiveCfg = Release|Any CPU
		{3BE00A63-E3DF-4A59-8303-4E1C0E5CEEA6}.Release|Any CPU.Build.0 = Release|Any CPU
		{3BE00A63-E3DF-4A59-8303-4E1C0E5CEEA6}.Release|ARM.ActiveCfg = Release|Any CPU
		{3BE00A63-E3DF-4A59-8303-4E1C0E5CEEA6}.Release|ARM.Build.0 = Release|Any CPU
		{3BE00A63-E3DF-4A59-8303-4E1C0E5CEEA6}.Release|iPhone.ActiveCfg = Release|Any CPU
		{3BE00A63-E3DF-4A59-8303-4E1C0E5CEEA6}.Release|iPhone.Build.0 = Release|Any CPU
		{3BE00A63-E3DF-4A59-8303-4E1C0E5CEEA6}.Release|iPhoneSimulator.ActiveCfg = Release|Any CPU
		{3BE00A63-E3DF-4A59-8303-4E1C0E5CEEA6}.Release|iPhoneSimulator.Build.0 = Release|Any CPU
		{3BE00A63-E3DF-4A59-8303-4E1C0E5CEEA6}.Release|x64.ActiveCfg = Release|Any CPU
		{3BE00A63-E3DF-4A59-8303-4E1C0E5CEEA6}.Release|x64.Build.0 = Release|Any CPU
		{3BE00A63-E3DF-4A59-8303-4E1C0E5CEEA6}.Release|x86.ActiveCfg = Release|Any CPU
		{3BE00A63-E3DF-4A59-8303-4E1C0E5CEEA6}.Release|x86.Build.0 = Release|Any CPU
	EndGlobalSection
	GlobalSection(SolutionProperties) = preSolution
		HideSolutionNode = FALSE
	EndGlobalSection
	GlobalSection(NestedProjects) = preSolution
		{92139F56-C8BC-419E-9F1D-B2385E2CE8FD} = {73F84522-C6BC-42DC-91AF-C4EF7774729B}
		{573F7812-56A9-425F-837B-B67F8B3A1D2D} = {73F84522-C6BC-42DC-91AF-C4EF7774729B}
		{31718087-34A7-4006-8BB9-C818E85B0E80} = {71EEA8A9-756C-49B4-85A0-C9FE9FBBDB61}
		{710B41AB-494E-4EAE-830C-219391FA2CAB} = {C2ED612D-E3BA-4297-9355-08C697AF3CC7}
		{7562899F-4739-447E-8B02-39142E13A112} = {73F84522-C6BC-42DC-91AF-C4EF7774729B}
		{3BE00A63-E3DF-4A59-8303-4E1C0E5CEEA6} = {71EEA8A9-756C-49B4-85A0-C9FE9FBBDB61}
	EndGlobalSection
	GlobalSection(ExtensibilityGlobals) = postSolution
		SolutionGuid = {C94BA415-7FA8-4691-AB18-846D82E0FA2B}
	EndGlobalSection
EndGlobal
